
Microsoft Visual Studio Solution File, Format Version 12.00
# Visual Studio Version 16
VisualStudioVersion = 16.0.31624.102
MinimumVisualStudioVersion = 10.0.40219.1
Project("{9A19103F-16F7-4668-BE54-9A1E7A4F7556}") = "1-PrimeiroProjeto", "1-PrimeiroProjeto\1-PrimeiroProjeto.csproj", "{78C857B0-8873-4586-ADAA-2F3D46FA2D37}"
EndProject
Project("{FAE04EC0-301F-11D3-BF4B-00C04F79EFBC}") = "2-CriandoVariaveis", "2-CriandoVariaveis\2-CriandoVariaveis.csproj", "{5CD57BAE-9220-4D92-9DA3-E3E7FADC854C}"
EndProject
Project("{FAE04EC0-301F-11D3-BF4B-00C04F79EFBC}") = "3-CriandoVariaveisPontoFlutuante", "3-CriandoVariaveisPontoFlutuante\3-CriandoVariaveisPontoFlutuante.csproj", "{B3C91005-EFC5-40CF-A1C8-275E5BCF0E7C}"
EndProject
Project("{FAE04EC0-301F-11D3-BF4B-00C04F79EFBC}") = "4-ConversoesEOutrosTiposNumericos", "4-ConversoesEOutrosTiposNumericos\4-ConversoesEOutrosTiposNumericos.csproj", "{98E03C8B-7468-4C96-B76E-6E10A6697BC3}"
EndProject
Project("{FAE04EC0-301F-11D3-BF4B-00C04F79EFBC}") = "Tabuada", "Tabuada\Tabuada.csproj", "{DF87132B-5099-4773-9318-DB5B4FE9A3F7}"
EndProject
Global
	GlobalSection(SolutionConfigurationPlatforms) = preSolution
		Debug|Any CPU = Debug|Any CPU
		Release|Any CPU = Release|Any CPU
	EndGlobalSection
	GlobalSection(ProjectConfigurationPlatforms) = postSolution
		{78C857B0-8873-4586-ADAA-2F3D46FA2D37}.Debug|Any CPU.ActiveCfg = Debug|Any CPU
		{78C857B0-8873-4586-ADAA-2F3D46FA2D37}.Debug|Any CPU.Build.0 = Debug|Any CPU
		{78C857B0-8873-4586-ADAA-2F3D46FA2D37}.Release|Any CPU.ActiveCfg = Release|Any CPU
		{78C857B0-8873-4586-ADAA-2F3D46FA2D37}.Release|Any CPU.Build.0 = Release|Any CPU
		{5CD57BAE-9220-4D92-9DA3-E3E7FADC854C}.Debug|Any CPU.ActiveCfg = Debug|Any CPU
		{5CD57BAE-9220-4D92-9DA3-E3E7FADC854C}.Debug|Any CPU.Build.0 = Debug|Any CPU
		{5CD57BAE-9220-4D92-9DA3-E3E7FADC854C}.Release|Any CPU.ActiveCfg = Release|Any CPU
		{5CD57BAE-9220-4D92-9DA3-E3E7FADC854C}.Release|Any CPU.Build.0 = Release|Any CPU
		{B3C91005-EFC5-40CF-A1C8-275E5BCF0E7C}.Debug|Any CPU.ActiveCfg = Debug|Any CPU
		{B3C91005-EFC5-40CF-A1C8-275E5BCF0E7C}.Debug|Any CPU.Build.0 = Debug|Any CPU
		{B3C91005-EFC5-40CF-A1C8-275E5BCF0E7C}.Release|Any CPU.ActiveCfg = Release|Any CPU
		{B3C91005-EFC5-40CF-A1C8-275E5BCF0E7C}.Release|Any CPU.Build.0 = Release|Any CPU
		{98E03C8B-7468-4C96-B76E-6E10A6697BC3}.Debug|Any CPU.ActiveCfg = Debug|Any CPU
		{98E03C8B-7468-4C96-B76E-6E10A6697BC3}.Debug|Any CPU.Build.0 = Debug|Any CPU
		{98E03C8B-7468-4C96-B76E-6E10A6697BC3}.Release|Any CPU.ActiveCfg = Release|Any CPU
		{98E03C8B-7468-4C96-B76E-6E10A6697BC3}.Release|Any CPU.Build.0 = Release|Any CPU
		{DF87132B-5099-4773-9318-DB5B4FE9A3F7}.Debug|Any CPU.ActiveCfg = Debug|Any CPU
		{DF87132B-5099-4773-9318-DB5B4FE9A3F7}.Debug|Any CPU.Build.0 = Debug|Any CPU
		{DF87132B-5099-4773-9318-DB5B4FE9A3F7}.Release|Any CPU.ActiveCfg = Release|Any CPU
		{DF87132B-5099-4773-9318-DB5B4FE9A3F7}.Release|Any CPU.Build.0 = Release|Any CPU
	EndGlobalSection
	GlobalSection(SolutionProperties) = preSolution
		HideSolutionNode = FALSE
	EndGlobalSection
	GlobalSection(ExtensibilityGlobals) = postSolution
		SolutionGuid = {3E07277B-B1DA-4D30-AFF5-A1680E33D7E3}
	EndGlobalSection
EndGlobal
